
Microsoft Visual Studio Solution File, Format Version 12.00
# Visual Studio Version 16
VisualStudioVersion = 16.0.29911.84
MinimumVisualStudioVersion = 10.0.40219.1
Project("{9A19103F-16F7-4668-BE54-9A1E7A4F7556}") = "SandBoxApp", "SandBoxApp\SandBoxApp.csproj", "{0D0D8164-06F3-4096-8B70-486BD9A630E5}"
EndProject
Project("{9A19103F-16F7-4668-BE54-9A1E7A4F7556}") = "SandBoxDB", "..\SandBoxDB\SandBoxDB\SandBoxDB.csproj", "{76DE9370-F35F-4BC5-9D5B-E77DBEA5EF24}"
EndProject
Global
	GlobalSection(SolutionConfigurationPlatforms) = preSolution
		Debug|Any CPU = Debug|Any CPU
		Release|Any CPU = Release|Any CPU
	EndGlobalSection
	GlobalSection(ProjectConfigurationPlatforms) = postSolution
		{0D0D8164-06F3-4096-8B70-486BD9A630E5}.Debug|Any CPU.ActiveCfg = Debug|Any CPU
		{0D0D8164-06F3-4096-8B70-486BD9A630E5}.Debug|Any CPU.Build.0 = Debug|Any CPU
		{0D0D8164-06F3-4096-8B70-486BD9A630E5}.Release|Any CPU.ActiveCfg = Release|Any CPU
		{0D0D8164-06F3-4096-8B70-486BD9A630E5}.Release|Any CPU.Build.0 = Release|Any CPU
		{76DE9370-F35F-4BC5-9D5B-E77DBEA5EF24}.Debug|Any CPU.ActiveCfg = Debug|Any CPU
		{76DE9370-F35F-4BC5-9D5B-E77DBEA5EF24}.Debug|Any CPU.Build.0 = Debug|Any CPU
		{76DE9370-F35F-4BC5-9D5B-E77DBEA5EF24}.Release|Any CPU.ActiveCfg = Release|Any CPU
		{76DE9370-F35F-4BC5-9D5B-E77DBEA5EF24}.Release|Any CPU.Build.0 = Release|Any CPU
	EndGlobalSection
	GlobalSection(SolutionProperties) = preSolution
		HideSolutionNode = FALSE
	EndGlobalSection
	GlobalSection(ExtensibilityGlobals) = postSolution
		SolutionGuid = {E6DD144E-D1E8-4196-80A6-BB5A115CCEE2}
	EndGlobalSection
EndGlobal
